
Microsoft Visual Studio Solution File, Format Version 12.00
# Visual Studio Version 16
VisualStudioVersion = 16.0.29503.13
MinimumVisualStudioVersion = 10.0.40219.1
Project("{FAE04EC0-301F-11D3-BF4B-00C04F79EFBC}") = "footgolf", "footgolf\footgolf.csproj", "{EEABFF87-473F-47B8-90CF-EDFF7145A29C}"
EndProject
Global
	GlobalSection(SolutionConfigurationPlatforms) = preSolution
		Debug|Any CPU = Debug|Any CPU
		Release|Any CPU = Release|Any CPU
	EndGlobalSection
	GlobalSection(ProjectConfigurationPlatforms) = postSolution
		{EEABFF87-473F-47B8-90CF-EDFF7145A29C}.Debug|Any CPU.ActiveCfg = Debug|Any CPU
		{EEABFF87-473F-47B8-90CF-EDFF7145A29C}.Debug|Any CPU.Build.0 = Debug|Any CPU
		{EEABFF87-473F-47B8-90CF-EDFF7145A29C}.Release|Any CPU.ActiveCfg = Release|Any CPU
		{EEABFF87-473F-47B8-90CF-EDFF7145A29C}.Release|Any CPU.Build.0 = Release|Any CPU
	EndGlobalSection
	GlobalSection(SolutionProperties) = preSolution
		HideSolutionNode = FALSE
	EndGlobalSection
	GlobalSection(ExtensibilityGlobals) = postSolution
		SolutionGuid = {5B8036D1-8D61-4549-A1E3-7295A2DFB2DA}
	EndGlobalSection
EndGlobal
